{
    "_meta": {
        "hash": {
            "sha256": "80ca23a38e57e66863c6477ee883965d3e52336c60d21774f902500c61f5196a"
        },
        "pipfile-spec": 6,
        "requires": {
            "python_version": "3.11"
        },
        "sources": [
            {
                "name": "pypi",
                "url": "https://pypi.org/simple",
                "verify_ssl": true
            }
        ]
    },
    "default": {},
    "develop": {
        "autopep8": {
            "hashes": [
                "sha256:05418a981f038969d8bdcd5636bf15948db7555ae944b9f79b5a34b35f1370d4",
                "sha256:d306a0581163ac29908280ad557773a95a9bede072c0fafed6f141f5311f43c1"
            ],
            "index": "pypi",
            "markers": "python_version >= '3.8'",
            "version": "==2.2.0"
        },
        "pycodestyle": {
            "hashes": [
                "sha256:41ba0e7afc9752dfb53ced5489e89f8186be00e599e712660695b7a75ff2663f",
                "sha256:44fe31000b2d866f2e41841b18528a505fbd7fef9017b04eff4e2648a0fadc67"
            ],
            "markers": "python_version >= '3.8'",
            "version": "==2.11.1"
        }
    }
}
