{
    "_meta": {
        "hash": {
            "sha256": "80ca23a38e57e66863c6477ee883965d3e52336c60d21774f902500c61f5196a"
        },
        "pipfile-spec": 6,
        "requires": {
            "python_version": "3.11"
        },
        "sources": [
            {
                "name": "pypi",
                "url": "https://pypi.org/simple",
                "verify_ssl": true
            }
        ]
    },
    "default": {},
    "develop": {
        "autopep8": {
            "hashes": [
                "sha256:5cfe45eb3bef8662f6a3c7e28b7c0310c7310d340074b7f0f28f9810b44b7ef4",
                "sha256:b716efa70cbafbf4a2c9c5ec1cabfa037a68f9e30b04c74ffa5864dd49b8f7d2"
            ],
            "index": "pypi",
            "markers": "python_version >= '3.8'",
            "version": "==2.3.0"
        },
        "pycodestyle": {
            "hashes": [
                "sha256:442f950141b4f43df752dd303511ffded3a04c2b6fb7f65980574f0c31e6e79c",
                "sha256:949a39f6b86c3e1515ba1787c2022131d165a8ad271b11370a8819aa070269e4"
            ],
            "markers": "python_version >= '3.8'",
            "version": "==2.12.0"
        }
    }
}
